// !$*UTF8*$!
{
	archiveVersion = 1;
	classes = {
	};
	objectVersion = 46;
	objects = {

/* Begin PBXBuildFile section */
		BD4A7CD01CE43AB800F59418 /* main.m in Sources */ = {isa = PBXBuildFile; fileRef = BD4A7CCF1CE43AB800F59418 /* main.m */; };
		BD4A7CD31CE43AB800F59418 /* AppDelegate.m in Sources */ = {isa = PBXBuildFile; fileRef = BD4A7CD21CE43AB800F59418 /* AppDelegate.m */; };
		BD4A7CD61CE43AB800F59418 /* ViewController.m in Sources */ = {isa = PBXBuildFile; fileRef = BD4A7CD51CE43AB800F59418 /* ViewController.m */; };
		BD4A7CD91CE43AB800F59418 /* Main.storyboard in Resources */ = {isa = PBXBuildFile; fileRef = BD4A7CD71CE43AB800F59418 /* Main.storyboard */; };
		BD4A7CDB1CE43AB800F59418 /* Assets.xcassets in Resources */ = {isa = PBXBuildFile; fileRef = BD4A7CDA1CE43AB800F59418 /* Assets.xcassets */; };
		BD4A7CDE1CE43AB800F59418 /* LaunchScreen.storyboard in Resources */ = {isa = PBXBuildFile; fileRef = BD4A7CDC1CE43AB800F59418 /* LaunchScreen.storyboard */; };
		BD4A7CE91CE43AB800F59418 /* ___buttionTests.m in Sources */ = {isa = PBXBuildFile; fileRef = BD4A7CE81CE43AB800F59418 /* ___buttionTests.m */; };
		BD4A7CF41CE43AB800F59418 /* ___buttionUITests.m in Sources */ = {isa = PBXBuildFile; fileRef = BD4A7CF31CE43AB800F59418 /* ___buttionUITests.m */; };
		BD4A7D031CE43ADB00F59418 /* BtnView.m in Sources */ = {isa = PBXBuildFile; fileRef = BD4A7D021CE43ADB00F59418 /* BtnView.m */; };
		BD4A7D051CE43ED400F59418 /* 屏幕快照 2016-05-12 下午12.32.03.png in Resources */ = {isa = PBXBuildFile; fileRef = BD4A7D041CE43ED400F59418 /* 屏幕快照 2016-05-12 下午12.32.03.png */; };
/* End PBXBuildFile section */

/* Begin PBXContainerItemProxy section */
		BD4A7CE51CE43AB800F59418 /* PBXContainerItemProxy */ = {
			isa = PBXContainerItemProxy;
			containerPortal = BD4A7CC31CE43AB700F59418 /* Project object */;
			proxyType = 1;
			remoteGlobalIDString = BD4A7CCA1CE43AB700F59418;
			remoteInfo = "自定义buttion";
		};
		BD4A7CF01CE43AB800F59418 /* PBXContainerItemProxy */ = {
			isa = PBXContainerItemProxy;
			containerPortal = BD4A7CC31CE43AB700F59418 /* Project object */;
			proxyType = 1;
			remoteGlobalIDString = BD4A7CCA1CE43AB700F59418;
			remoteInfo = "自定义buttion";
		};
/* End PBXContainerItemProxy section */

/* Begin PBXFileReference section */
		BD4A7CCB1CE43AB800F59418 /* 自定义buttion.app */ = {isa = PBXFileReference; explicitFileType = wrapper.application; includeInIndex = 0; path = "自定义buttion.app"; sourceTree = BUILT_PRODUCTS_DIR; };
		BD4A7CCF1CE43AB800F59418 /* main.m */ = {isa = PBXFileReference; lastKnownFileType = sourcecode.c.objc; path = main.m; sourceTree = "<group>"; };
		BD4A7CD11CE43AB800F59418 /* AppDelegate.h */ = {isa = PBXFileReference; lastKnownFileType = sourcecode.c.h; path = AppDelegate.h; sourceTree = "<group>"; };
		BD4A7CD21CE43AB800F59418 /* AppDelegate.m */ = {isa = PBXFileReference; lastKnownFileType = sourcecode.c.objc; path = AppDelegate.m; sourceTree = "<group>"; };
		BD4A7CD41CE43AB800F59418 /* ViewController.h */ = {isa = PBXFileReference; lastKnownFileType = sourcecode.c.h; path = ViewController.h; sourceTree = "<group>"; };
		BD4A7CD51CE43AB800F59418 /* ViewController.m */ = {isa = PBXFileReference; lastKnownFileType = sourcecode.c.objc; path = ViewController.m; sourceTree = "<group>"; };
		BD4A7CD81CE43AB800F59418 /* Base */ = {isa = PBXFileReference; lastKnownFileType = file.storyboard; name = Base; path = Base.lproj/Main.storyboard; sourceTree = "<group>"; };
		BD4A7CDA1CE43AB800F59418 /* Assets.xcassets */ = {isa = PBXFileReference; lastKnownFileType = folder.assetcatalog; path = Assets.xcassets; sourceTree = "<group>"; };
		BD4A7CDD1CE43AB800F59418 /* Base */ = {isa = PBXFileReference; lastKnownFileType = file.storyboard; name = Base; path = Base.lproj/LaunchScreen.storyboard; sourceTree = "<group>"; };
		BD4A7CDF1CE43AB800F59418 /* Info.plist */ = {isa = PBXFileReference; lastKnownFileType = text.plist.xml; path = Info.plist; sourceTree = "<group>"; };
		BD4A7CE41CE43AB800F59418 /* 自定义buttionTests.xctest */ = {isa = PBXFileReference; explicitFileType = wrapper.cfbundle; includeInIndex = 0; path = "自定义buttionTests.xctest"; sourceTree = BUILT_PRODUCTS_DIR; };
		BD4A7CE81CE43AB800F59418 /* ___buttionTests.m */ = {isa = PBXFileReference; lastKnownFileType = sourcecode.c.objc; path = "___buttionTests.m"; sourceTree = "<group>"; };
		BD4A7CEA1CE43AB800F59418 /* Info.plist */ = {isa = PBXFileReference; lastKnownFileType = text.plist.xml; path = Info.plist; sourceTree = "<group>"; };
		BD4A7CEF1CE43AB800F59418 /* 自定义buttionUITests.xctest */ = {isa = PBXFileReference; explicitFileType = wrapper.cfbundle; includeInIndex = 0; path = "自定义buttionUITests.xctest"; sourceTree = BUILT_PRODUCTS_DIR; };
		BD4A7CF31CE43AB800F59418 /* ___buttionUITests.m */ = {isa = PBXFileReference; lastKnownFileType = sourcecode.c.objc; path = "___buttionUITests.m"; sourceTree = "<group>"; };
		BD4A7CF51CE43AB800F59418 /* Info.plist */ = {isa = PBXFileReference; lastKnownFileType = text.plist.xml; path = Info.plist; sourceTree = "<group>"; };
		BD4A7D011CE43ADB00F59418 /* BtnView.h */ = {isa = PBXFileReference; fileEncoding = 4; lastKnownFileType = sourcecode.c.h; path = BtnView.h; sourceTree = "<group>"; };
		BD4A7D021CE43ADB00F59418 /* BtnView.m */ = {isa = PBXFileReference; fileEncoding = 4; lastKnownFileType = sourcecode.c.objc; path = BtnView.m; sourceTree = "<group>"; };
		BD4A7D041CE43ED400F59418 /* 屏幕快照 2016-05-12 下午12.32.03.png */ = {isa = PBXFileReference; lastKnownFileType = image.png; path = "屏幕快照 2016-05-12 下午12.32.03.png"; sourceTree = "<group>"; };
/* End PBXFileReference section */

/* Begin PBXFrameworksBuildPhase section */
		BD4A7CC81CE43AB700F59418 /* Frameworks */ = {
			isa = PBXFrameworksBuildPhase;
			buildActionMask = 2147483647;
			files = (
			);
			runOnlyForDeploymentPostprocessing = 0;
		};
		BD4A7CE11CE43AB800F59418 /* Frameworks */ = {
			isa = PBXFrameworksBuildPhase;
			buildActionMask = 2147483647;
			files = (
			);
			runOnlyForDeploymentPostprocessing = 0;
		};
		BD4A7CEC1CE43AB800F59418 /* Frameworks */ = {
			isa = PBXFrameworksBuildPhase;
			buildActionMask = 2147483647;
			files = (
			);
			runOnlyForDeploymentPostprocessing = 0;
		};
/* End PBXFrameworksBuildPhase section */

/* Begin PBXGroup section */
		BD4A7CC21CE43AB700F59418 = {
			isa = PBXGroup;
			children = (
				BD4A7CCD1CE43AB800F59418 /* 自定义buttion */,
				BD4A7CE71CE43AB800F59418 /* 自定义buttionTests */,
				BD4A7CF21CE43AB800F59418 /* 自定义buttionUITests */,
				BD4A7CCC1CE43AB800F59418 /* Products */,
			);
			sourceTree = "<group>";
		};
		BD4A7CCC1CE43AB800F59418 /* Products */ = {
			isa = PBXGroup;
			children = (
				BD4A7CCB1CE43AB800F59418 /* 自定义buttion.app */,
				BD4A7CE41CE43AB800F59418 /* 自定义buttionTests.xctest */,
				BD4A7CEF1CE43AB800F59418 /* 自定义buttionUITests.xctest */,
			);
			name = Products;
			sourceTree = "<group>";
		};
		BD4A7CCD1CE43AB800F59418 /* 自定义buttion */ = {
			isa = PBXGroup;
			children = (
				BD4A7CD11CE43AB800F59418 /* AppDelegate.h */,
				BD4A7CD21CE43AB800F59418 /* AppDelegate.m */,
				BD4A7CD41CE43AB800F59418 /* ViewController.h */,
				BD4A7CD51CE43AB800F59418 /* ViewController.m */,
				BD4A7D011CE43ADB00F59418 /* BtnView.h */,
				BD4A7D021CE43ADB00F59418 /* BtnView.m */,
				BD4A7D041CE43ED400F59418 /* 屏幕快照 2016-05-12 下午12.32.03.png */,
				BD4A7CD71CE43AB800F59418 /* Main.storyboard */,
				BD4A7CDA1CE43AB800F59418 /* Assets.xcassets */,
				BD4A7CDC1CE43AB800F59418 /* LaunchScreen.storyboard */,
				BD4A7CDF1CE43AB800F59418 /* Info.plist */,
				BD4A7CCE1CE43AB800F59418 /* Supporting Files */,
			);
			path = "自定义buttion";
			sourceTree = "<group>";
		};
		BD4A7CCE1CE43AB800F59418 /* Supporting Files */ = {
			isa = PBXGroup;
			children = (
				BD4A7CCF1CE43AB800F59418 /* main.m */,
			);
			name = "Supporting Files";
			sourceTree = "<group>";
		};
		BD4A7CE71CE43AB800F59418 /* 自定义buttionTests */ = {
			isa = PBXGroup;
			children = (
				BD4A7CE81CE43AB800F59418 /* ___buttionTests.m */,
				BD4A7CEA1CE43AB800F59418 /* Info.plist */,
			);
			path = "自定义buttionTests";
			sourceTree = "<group>";
		};
		BD4A7CF21CE43AB800F59418 /* 自定义buttionUITests */ = {
			isa = PBXGroup;
			children = (
				BD4A7CF31CE43AB800F59418 /* ___buttionUITests.m */,
				BD4A7CF51CE43AB800F59418 /* Info.plist */,
			);
			path = "自定义buttionUITests";
			sourceTree = "<group>";
		};
/* End PBXGroup section */

/* Begin PBXNativeTarget section */
		BD4A7CCA1CE43AB700F59418 /* 自定义buttion */ = {
			isa = PBXNativeTarget;
			buildConfigurationList = BD4A7CF81CE43AB800F59418 /* Build configuration list for PBXNativeTarget "自定义buttion" */;
			buildPhases = (
				BD4A7CC71CE43AB700F59418 /* Sources */,
				BD4A7CC81CE43AB700F59418 /* Frameworks */,
				BD4A7CC91CE43AB700F59418 /* Resources */,
			);
			buildRules = (
			);
			dependencies = (
			);
			name = "自定义buttion";
			productName = "自定义buttion";
			productReference = BD4A7CCB1CE43AB800F59418 /* 自定义buttion.app */;
			productType = "com.apple.product-type.application";
		};
		BD4A7CE31CE43AB800F59418 /* 自定义buttionTests */ = {
			isa = PBXNativeTarget;
			buildConfigurationList = BD4A7CFB1CE43AB800F59418 /* Build configuration list for PBXNativeTarget "自定义buttionTests" */;
			buildPhases = (
				BD4A7CE01CE43AB800F59418 /* Sources */,
				BD4A7CE11CE43AB800F59418 /* Frameworks */,
				BD4A7CE21CE43AB800F59418 /* Resources */,
			);
			buildRules = (
			);
			dependencies = (
				BD4A7CE61CE43AB800F59418 /* PBXTargetDependency */,
			);
			name = "自定义buttionTests";
			productName = "自定义buttionTests";
			productReference = BD4A7CE41CE43AB800F59418 /* 自定义buttionTests.xctest */;
			productType = "com.apple.product-type.bundle.unit-test";
		};
		BD4A7CEE1CE43AB800F59418 /* 自定义buttionUITests */ = {
			isa = PBXNativeTarget;
			buildConfigurationList = BD4A7CFE1CE43AB800F59418 /* Build configuration list for PBXNativeTarget "自定义buttionUITests" */;
			buildPhases = (
				BD4A7CEB1CE43AB800F59418 /* Sources */,
				BD4A7CEC1CE43AB800F59418 /* Frameworks */,
				BD4A7CED1CE43AB800F59418 /* Resources */,
			);
			buildRules = (
			);
			dependencies = (
				BD4A7CF11CE43AB800F59418 /* PBXTargetDependency */,
			);
			name = "自定义buttionUITests";
			productName = "自定义buttionUITests";
			productReference = BD4A7CEF1CE43AB800F59418 /* 自定义buttionUITests.xctest */;
			productType = "com.apple.product-type.bundle.ui-testing";
		};
/* End PBXNativeTarget section */

/* Begin PBXProject section */
		BD4A7CC31CE43AB700F59418 /* Project object */ = {
			isa = PBXProject;
			attributes = {
				LastUpgradeCheck = 0720;
				ORGANIZATIONNAME = "席亚坤";
				TargetAttributes = {
					BD4A7CCA1CE43AB700F59418 = {
						CreatedOnToolsVersion = 7.2;
						DevelopmentTeam = 98TXLAF3BE;
					};
					BD4A7CE31CE43AB800F59418 = {
						CreatedOnToolsVersion = 7.2;
						DevelopmentTeam = 98TXLAF3BE;
						TestTargetID = BD4A7CCA1CE43AB700F59418;
					};
					BD4A7CEE1CE43AB800F59418 = {
						CreatedOnToolsVersion = 7.2;
						DevelopmentTeam = 98TXLAF3BE;
						TestTargetID = BD4A7CCA1CE43AB700F59418;
					};
				};
			};
			buildConfigurationList = BD4A7CC61CE43AB700F59418 /* Build configuration list for PBXProject "自定义buttion" */;
			compatibilityVersion = "Xcode 3.2";
			developmentRegion = English;
			hasScannedForEncodings = 0;
			knownRegions = (
				en,
				Base,
			);
			mainGroup = BD4A7CC21CE43AB700F59418;
			productRefGroup = BD4A7CCC1CE43AB800F59418 /* Products */;
			projectDirPath = "";
			projectRoot = "";
			targets = (
				BD4A7CCA1CE43AB700F59418 /* 自定义buttion */,
				BD4A7CE31CE43AB800F59418 /* 自定义buttionTests */,
				BD4A7CEE1CE43AB800F59418 /* 自定义buttionUITests */,
			);
		};
/* End PBXProject section */

/* Begin PBXResourcesBuildPhase section */
		BD4A7CC91CE43AB700F59418 /* Resources */ = {
			isa = PBXResourcesBuildPhase;
			buildActionMask = 2147483647;
			files = (
				BD4A7D051CE43ED400F59418 /* 屏幕快照 2016-05-12 下午12.32.03.png in Resources */,
				BD4A7CDE1CE43AB800F59418 /* LaunchScreen.storyboard in Resources */,
				BD4A7CDB1CE43AB800F59418 /* Assets.xcassets in Resources */,
				BD4A7CD91CE43AB800F59418 /* Main.storyboard in Resources */,
			);
			runOnlyForDeploymentPostprocessing = 0;
		};
		BD4A7CE21CE43AB800F59418 /* Resources */ = {
			isa = PBXResourcesBuildPhase;
			buildActionMask = 2147483647;
			files = (
			);
			runOnlyForDeploymentPostprocessing = 0;
		};
		BD4A7CED1CE43AB800F59418 /* Resources */ = {
			isa = PBXResourcesBuildPhase;
			buildActionMask = 2147483647;
			files = (
			);
			runOnlyForDeploymentPostprocessing = 0;
		};
/* End PBXResourcesBuildPhase section */

/* Begin PBXSourcesBuildPhase section */
		BD4A7CC71CE43AB700F59418 /* Sources */ = {
			isa = PBXSourcesBuildPhase;
			buildActionMask = 2147483647;
			files = (
				BD4A7CD61CE43AB800F59418 /* ViewController.m in Sources */,
				BD4A7CD31CE43AB800F59418 /* AppDelegate.m in Sources */,
				BD4A7CD01CE43AB800F59418 /* main.m in Sources */,
				BD4A7D031CE43ADB00F59418 /* BtnView.m in Sources */,
			);
			runOnlyForDeploymentPostprocessing = 0;
		};
		BD4A7CE01CE43AB800F59418 /* Sources */ = {
			isa = PBXSourcesBuildPhase;
			buildActionMask = 2147483647;
			files = (
				BD4A7CE91CE43AB800F59418 /* ___buttionTests.m in Sources */,
			);
			runOnlyForDeploymentPostprocessing = 0;
		};
		BD4A7CEB1CE43AB800F59418 /* Sources */ = {
			isa = PBXSourcesBuildPhase;
			buildActionMask = 2147483647;
			files = (
				BD4A7CF41CE43AB800F59418 /* ___buttionUITests.m in Sources */,
			);
			runOnlyForDeploymentPostprocessing = 0;
		};
/* End PBXSourcesBuildPhase section */

/* Begin PBXTargetDependency section */
		BD4A7CE61CE43AB800F59418 /* PBXTargetDependency */ = {
			isa = PBXTargetDependency;
			target = BD4A7CCA1CE43AB700F59418 /* 自定义buttion */;
			targetProxy = BD4A7CE51CE43AB800F59418 /* PBXContainerItemProxy */;
		};
		BD4A7CF11CE43AB800F59418 /* PBXTargetDependency */ = {
			isa = PBXTargetDependency;
			target = BD4A7CCA1CE43AB700F59418 /* 自定义buttion */;
			targetProxy = BD4A7CF01CE43AB800F59418 /* PBXContainerItemProxy */;
		};
/* End PBXTargetDependency section */

/* Begin PBXVariantGroup section */
		BD4A7CD71CE43AB800F59418 /* Main.storyboard */ = {
			isa = PBXVariantGroup;
			children = (
				BD4A7CD81CE43AB800F59418 /* Base */,
			);
			name = Main.storyboard;
			sourceTree = "<group>";
		};
		BD4A7CDC1CE43AB800F59418 /* LaunchScreen.storyboard */ = {
			isa = PBXVariantGroup;
			children = (
				BD4A7CDD1CE43AB800F59418 /* Base */,
			);
			name = LaunchScreen.storyboard;
			sourceTree = "<group>";
		};
/* End PBXVariantGroup section */

/* Begin XCBuildConfiguration section */
		BD4A7CF61CE43AB800F59418 /* Debug */ = {
			isa = XCBuildConfiguration;
			buildSettings = {
				ALWAYS_SEARCH_USER_PATHS = NO;
				CLANG_CXX_LANGUAGE_STANDARD = "gnu++0x";
				CLANG_CXX_LIBRARY = "libc++";
				CLANG_ENABLE_MODULES = YES;
				CLANG_ENABLE_OBJC_ARC = YES;
				CLANG_WARN_BOOL_CONVERSION = YES;
				CLANG_WARN_CONSTANT_CONVERSION = YES;
				CLANG_WARN_DIRECT_OBJC_ISA_USAGE = YES_ERROR;
				CLANG_WARN_EMPTY_BODY = YES;
				CLANG_WARN_ENUM_CONVERSION = YES;
				CLANG_WARN_INT_CONVERSION = YES;
				CLANG_WARN_OBJC_ROOT_CLASS = YES_ERROR;
				CLANG_WARN_UNREACHABLE_CODE = YES;
				CLANG_WARN__DUPLICATE_METHOD_MATCH = YES;
				"CODE_SIGN_IDENTITY[sdk=iphoneos*]" = "iPhone Developer";
				COPY_PHASE_STRIP = NO;
				DEBUG_INFORMATION_FORMAT = dwarf;
				ENABLE_STRICT_OBJC_MSGSEND = YES;
				ENABLE_TESTABILITY = YES;
				GCC_C_LANGUAGE_STANDARD = gnu99;
				GCC_DYNAMIC_NO_PIC = NO;
				GCC_NO_COMMON_BLOCKS = YES;
				GCC_OPTIMIZATION_LEVEL = 0;
				GCC_PREPROCESSOR_DEFINITIONS = (
					"DEBUG=1",
					"$(inherited)",
				);
				GCC_WARN_64_TO_32_BIT_CONVERSION = YES;
				GCC_WARN_ABOUT_RETURN_TYPE = YES_ERROR;
				GCC_WARN_UNDECLARED_SELECTOR = YES;
				GCC_WARN_UNINITIALIZED_AUTOS = YES_AGGRESSIVE;
				GCC_WARN_UNUSED_FUNCTION = YES;
				GCC_WARN_UNUSED_VARIABLE = YES;
				IPHONEOS_DEPLOYMENT_TARGET = 9.2;
				MTL_ENABLE_DEBUG_INFO = YES;
				ONLY_ACTIVE_ARCH = YES;
				SDKROOT = iphoneos;
				TARGETED_DEVICE_FAMILY = "1,2";
			};
			name = Debug;
		};
		BD4A7CF71CE43AB800F59418 /* Release */ = {
			isa = XCBuildConfiguration;
			buildSettings = {
				ALWAYS_SEARCH_USER_PATHS = NO;
				CLANG_CXX_LANGUAGE_STANDARD = "gnu++0x";
				CLANG_CXX_LIBRARY = "libc++";
				CLANG_ENABLE_MODULES = YES;
				CLANG_ENABLE_OBJC_ARC = YES;
				CLANG_WARN_BOOL_CONVERSION = YES;
				CLANG_WARN_CONSTANT_CONVERSION = YES;
				CLANG_WARN_DIRECT_OBJC_ISA_USAGE = YES_ERROR;
				CLANG_WARN_EMPTY_BODY = YES;
				CLANG_WARN_ENUM_CONVERSION = YES;
				CLANG_WARN_INT_CONVERSION = YES;
				CLANG_WARN_OBJC_ROOT_CLASS = YES_ERROR;
				CLANG_WARN_UNREACHABLE_CODE = YES;
				CLANG_WARN__DUPLICATE_METHOD_MATCH = YES;
				"CODE_SIGN_IDENTITY[sdk=iphoneos*]" = "iPhone Developer";
				COPY_PHASE_STRIP = NO;
				DEBUG_INFORMATION_FORMAT = "dwarf-with-dsym";
				ENABLE_NS_ASSERTIONS = NO;
				ENABLE_STRICT_OBJC_MSGSEND = YES;
				GCC_C_LANGUAGE_STANDARD = gnu99;
				GCC_NO_COMMON_BLOCKS = YES;
				GCC_WARN_64_TO_32_BIT_CONVERSION = YES;
				GCC_WARN_ABOUT_RETURN_TYPE = YES_ERROR;
				GCC_WARN_UNDECLARED_SELECTOR = YES;
				GCC_WARN_UNINITIALIZED_AUTOS = YES_AGGRESSIVE;
				GCC_WARN_UNUSED_FUNCTION = YES;
				GCC_WARN_UNUSED_VARIABLE = YES;
				IPHONEOS_DEPLOYMENT_TARGET = 9.2;
				MTL_ENABLE_DEBUG_INFO = NO;
				SDKROOT = iphoneos;
				TARGETED_DEVICE_FAMILY = "1,2";
				VALIDATE_PRODUCT = YES;
			};
			name = Release;
		};
		BD4A7CF91CE43AB800F59418 /* Debug */ = {
			isa = XCBuildConfiguration;
			buildSettings = {
				ASSETCATALOG_COMPILER_APPICON_NAME = AppIcon;
				INFOPLIST_FILE = "自定义buttion/Info.plist";
				LD_RUNPATH_SEARCH_PATHS = "$(inherited) @executable_path/Frameworks";
				PRODUCT_BUNDLE_IDENTIFIER = "com.weilang.---buttion";
				PRODUCT_NAME = "$(TARGET_NAME)";
			};
			name = Debug;
		};
		BD4A7CFA1CE43AB800F59418 /* Release */ = {
			isa = XCBuildConfiguration;
			buildSettings = {
				ASSETCATALOG_COMPILER_APPICON_NAME = AppIcon;
				INFOPLIST_FILE = "自定义buttion/Info.plist";
				LD_RUNPATH_SEARCH_PATHS = "$(inherited) @executable_path/Frameworks";
				PRODUCT_BUNDLE_IDENTIFIER = "com.weilang.---buttion";
				PRODUCT_NAME = "$(TARGET_NAME)";
			};
			name = Release;
		};
		BD4A7CFC1CE43AB800F59418 /* Debug */ = {
			isa = XCBuildConfiguration;
			buildSettings = {
				BUNDLE_LOADER = "$(TEST_HOST)";
				INFOPLIST_FILE = "自定义buttionTests/Info.plist";
				LD_RUNPATH_SEARCH_PATHS = "$(inherited) @executable_path/Frameworks @loader_path/Frameworks";
				PRODUCT_BUNDLE_IDENTIFIER = "com.weilang.---buttionTests";
				PRODUCT_NAME = "$(TARGET_NAME)";
				TEST_HOST = "$(BUILT_PRODUCTS_DIR)/自定义buttion.app/自定义buttion";
			};
			name = Debug;
		};
		BD4A7CFD1CE43AB800F59418 /* Release */ = {
			isa = XCBuildConfiguration;
			buildSettings = {
				BUNDLE_LOADER = "$(TEST_HOST)";
				INFOPLIST_FILE = "自定义buttionTests/Info.plist";
				LD_RUNPATH_SEARCH_PATHS = "$(inherited) @executable_path/Frameworks @loader_path/Frameworks";
				PRODUCT_BUNDLE_IDENTIFIER = "com.weilang.---buttionTests";
				PRODUCT_NAME = "$(TARGET_NAME)";
				TEST_HOST = "$(BUILT_PRODUCTS_DIR)/自定义buttion.app/自定义buttion";
			};
			name = Release;
		};
		BD4A7CFF1CE43AB800F59418 /* Debug */ = {
			isa = XCBuildConfiguration;
			buildSettings = {
				INFOPLIST_FILE = "自定义buttionUITests/Info.plist";
				LD_RUNPATH_SEARCH_PATHS = "$(inherited) @executable_path/Frameworks @loader_path/Frameworks";
				PRODUCT_BUNDLE_IDENTIFIER = "com.weilang.---buttionUITests";
				PRODUCT_NAME = "$(TARGET_NAME)";
				TEST_TARGET_NAME = "自定义buttion";
				USES_XCTRUNNER = YES;
			};
			name = Debug;
		};
		BD4A7D001CE43AB800F59418 /* Release */ = {
			isa = XCBuildConfiguration;
			buildSettings = {
				INFOPLIST_FILE = "自定义buttionUITests/Info.plist";
				LD_RUNPATH_SEARCH_PATHS = "$(inherited) @executable_path/Frameworks @loader_path/Frameworks";
				PRODUCT_BUNDLE_IDENTIFIER = "com.weilang.---buttionUITests";
				PRODUCT_NAME = "$(TARGET_NAME)";
				TEST_TARGET_NAME = "自定义buttion";
				USES_XCTRUNNER = YES;
			};
			name = Release;
		};
/* End XCBuildConfiguration section */

/* Begin XCConfigurationList section */
		BD4A7CC61CE43AB700F59418 /* Build configuration list for PBXProject "自定义buttion" */ = {
			isa = XCConfigurationList;
			buildConfigurations = (
				BD4A7CF61CE43AB800F59418 /* Debug */,
				BD4A7CF71CE43AB800F59418 /* Release */,
			);
			defaultConfigurationIsVisible = 0;
			defaultConfigurationName = Release;
		};
		BD4A7CF81CE43AB800F59418 /* Build configuration list for PBXNativeTarget "自定义buttion" */ = {
			isa = XCConfigurationList;
			buildConfigurations = (
				BD4A7CF91CE43AB800F59418 /* Debug */,
				BD4A7CFA1CE43AB800F59418 /* Release */,
			);
			defaultConfigurationIsVisible = 0;
		};
		BD4A7CFB1CE43AB800F59418 /* Build configuration list for PBXNativeTarget "自定义buttionTests" */ = {
			isa = XCConfigurationList;
			buildConfigurations = (
				BD4A7CFC1CE43AB800F59418 /* Debug */,
				BD4A7CFD1CE43AB800F59418 /* Release */,
			);
			defaultConfigurationIsVisible = 0;
		};
		BD4A7CFE1CE43AB800F59418 /* Build configuration list for PBXNativeTarget "自定义buttionUITests" */ = {
			isa = XCConfigurationList;
			buildConfigurations = (
				BD4A7CFF1CE43AB800F59418 /* Debug */,
				BD4A7D001CE43AB800F59418 /* Release */,
			);
			defaultConfigurationIsVisible = 0;
		};
/* End XCConfigurationList section */
	};
	rootObject = BD4A7CC31CE43AB700F59418 /* Project object */;
}
